
Microsoft Visual Studio Solution File, Format Version 12.00
# Visual Studio 14
VisualStudioVersion = 14.0.24720.0
MinimumVisualStudioVersion = 10.0.40219.1
Project("{FAE04EC0-301F-11D3-BF4B-00C04F79EFBC}") = "OnlineBookstore", "OnlineBookstore\OnlineBookstore.csproj", "{ECAC50AD-65A1-4408-AEE0-3DB7003AE43B}"
EndProject
Project("{FAE04EC0-301F-11D3-BF4B-00C04F79EFBC}") = "OnlineBookstore.Tests", "OnlineBookstore.Tests\OnlineBookstore.Tests.csproj", "{679AE21E-CBC5-4EB0-878F-8E7FCE024884}"
EndProject
Global
	GlobalSection(SolutionConfigurationPlatforms) = preSolution
		Debug|Any CPU = Debug|Any CPU
		Release|Any CPU = Release|Any CPU
	EndGlobalSection
	GlobalSection(ProjectConfigurationPlatforms) = postSolution
		{ECAC50AD-65A1-4408-AEE0-3DB7003AE43B}.Debug|Any CPU.ActiveCfg = Debug|Any CPU
		{ECAC50AD-65A1-4408-AEE0-3DB7003AE43B}.Debug|Any CPU.Build.0 = Debug|Any CPU
		{ECAC50AD-65A1-4408-AEE0-3DB7003AE43B}.Release|Any CPU.ActiveCfg = Release|Any CPU
		{ECAC50AD-65A1-4408-AEE0-3DB7003AE43B}.Release|Any CPU.Build.0 = Release|Any CPU
		{679AE21E-CBC5-4EB0-878F-8E7FCE024884}.Debug|Any CPU.ActiveCfg = Debug|Any CPU
		{679AE21E-CBC5-4EB0-878F-8E7FCE024884}.Debug|Any CPU.Build.0 = Debug|Any CPU
		{679AE21E-CBC5-4EB0-878F-8E7FCE024884}.Release|Any CPU.ActiveCfg = Release|Any CPU
		{679AE21E-CBC5-4EB0-878F-8E7FCE024884}.Release|Any CPU.Build.0 = Release|Any CPU
	EndGlobalSection
	GlobalSection(SolutionProperties) = preSolution
		HideSolutionNode = FALSE
	EndGlobalSection
EndGlobal
